// !$*UTF8*$!
{
	archiveVersion = 1;
	classes = {
	};
	objectVersion = 51;
	objects = {

/* Begin PBXBuildFile section */
		7F549DC42332103D0091E9E2 /* AppDelegate.swift in Sources */ = {isa = PBXBuildFile; fileRef = 7F549DC32332103D0091E9E2 /* AppDelegate.swift */; };
		7F549DC92332103D0091E9E2 /* Main.storyboard in Resources */ = {isa = PBXBuildFile; fileRef = 7F549DC72332103D0091E9E2 /* Main.storyboard */; };
		7F549DCB2332103E0091E9E2 /* Assets.xcassets in Resources */ = {isa = PBXBuildFile; fileRef = 7F549DCA2332103E0091E9E2 /* Assets.xcassets */; };
		7F549DCE2332103E0091E9E2 /* LaunchScreen.storyboard in Resources */ = {isa = PBXBuildFile; fileRef = 7F549DCC2332103E0091E9E2 /* LaunchScreen.storyboard */; };
		7FA7AD07233212FE0040E241 /* Question.swift in Sources */ = {isa = PBXBuildFile; fileRef = 7FA7AD06233212FE0040E241 /* Question.swift */; };
		7FA7AD09233213460040E241 /* User.swift in Sources */ = {isa = PBXBuildFile; fileRef = 7FA7AD08233213460040E241 /* User.swift */; };
		7FA7AD0B2332134F0040E241 /* Tag.swift in Sources */ = {isa = PBXBuildFile; fileRef = 7FA7AD0A2332134F0040E241 /* Tag.swift */; };
		7FA7AD162332150C0040E241 /* RequestConvertible.swift in Sources */ = {isa = PBXBuildFile; fileRef = 7FA7AD0F2332150C0040E241 /* RequestConvertible.swift */; };
		7FA7AD172332150C0040E241 /* QuestionEndPoint.swift in Sources */ = {isa = PBXBuildFile; fileRef = 7FA7AD112332150C0040E241 /* QuestionEndPoint.swift */; };
		7FA7AD182332150C0040E241 /* ApiClient.swift in Sources */ = {isa = PBXBuildFile; fileRef = 7FA7AD122332150C0040E241 /* ApiClient.swift */; };
		7FA7AD192332150C0040E241 /* RequestExecutor.swift in Sources */ = {isa = PBXBuildFile; fileRef = 7FA7AD132332150C0040E241 /* RequestExecutor.swift */; };
		7FA7AD1A2332150C0040E241 /* QuestionService.swift in Sources */ = {isa = PBXBuildFile; fileRef = 7FA7AD152332150C0040E241 /* QuestionService.swift */; };
		7FA7AD1C233216330040E241 /* Constants.swift in Sources */ = {isa = PBXBuildFile; fileRef = 7FA7AD1B233216330040E241 /* Constants.swift */; };
		7FA7AD1F233218B40040E241 /* QuestionsViewController.swift in Sources */ = {isa = PBXBuildFile; fileRef = 7FA7AD1D233218B40040E241 /* QuestionsViewController.swift */; };
		7FA7AD20233218B40040E241 /* QuestionsViewController.xib in Resources */ = {isa = PBXBuildFile; fileRef = 7FA7AD1E233218B40040E241 /* QuestionsViewController.xib */; };
		7FA7AD242332194B0040E241 /* QuestionsProtocols.swift in Sources */ = {isa = PBXBuildFile; fileRef = 7FA7AD232332194B0040E241 /* QuestionsProtocols.swift */; };
		7FA7AD26233219990040E241 /* QuestionPresenter.swift in Sources */ = {isa = PBXBuildFile; fileRef = 7FA7AD25233219990040E241 /* QuestionPresenter.swift */; };
		7FA7AD2823321D990040E241 /* Items.swift in Sources */ = {isa = PBXBuildFile; fileRef = 7FA7AD2723321D990040E241 /* Items.swift */; };
		7FA7AD2C2332204A0040E241 /* QuestionTableViewCell.swift in Sources */ = {isa = PBXBuildFile; fileRef = 7FA7AD2A2332204A0040E241 /* QuestionTableViewCell.swift */; };
		7FA7AD2D2332204A0040E241 /* QuestionTableViewCell.xib in Resources */ = {isa = PBXBuildFile; fileRef = 7FA7AD2B2332204A0040E241 /* QuestionTableViewCell.xib */; };
		8D48763E64D9BAADB530C993 /* Pods_TrueMotion.framework in Frameworks */ = {isa = PBXBuildFile; fileRef = 925D057AB74841A4FEFDA080 /* Pods_TrueMotion.framework */; };
/* End PBXBuildFile section */

/* Begin PBXFileReference section */
		7F549DC02332103D0091E9E2 /* TrueMotion.app */ = {isa = PBXFileReference; explicitFileType = wrapper.application; includeInIndex = 0; path = TrueMotion.app; sourceTree = BUILT_PRODUCTS_DIR; };
		7F549DC32332103D0091E9E2 /* AppDelegate.swift */ = {isa = PBXFileReference; lastKnownFileType = sourcecode.swift; path = AppDelegate.swift; sourceTree = "<group>"; };
		7F549DC82332103D0091E9E2 /* Base */ = {isa = PBXFileReference; lastKnownFileType = file.storyboard; name = Base; path = Base.lproj/Main.storyboard; sourceTree = "<group>"; };
		7F549DCA2332103E0091E9E2 /* Assets.xcassets */ = {isa = PBXFileReference; lastKnownFileType = folder.assetcatalog; path = Assets.xcassets; sourceTree = "<group>"; };
		7F549DCD2332103E0091E9E2 /* Base */ = {isa = PBXFileReference; lastKnownFileType = file.storyboard; name = Base; path = Base.lproj/LaunchScreen.storyboard; sourceTree = "<group>"; };
		7F549DCF2332103E0091E9E2 /* Info.plist */ = {isa = PBXFileReference; lastKnownFileType = text.plist.xml; path = Info.plist; sourceTree = "<group>"; };
		7FA7AD06233212FE0040E241 /* Question.swift */ = {isa = PBXFileReference; lastKnownFileType = sourcecode.swift; path = Question.swift; sourceTree = "<group>"; };
		7FA7AD08233213460040E241 /* User.swift */ = {isa = PBXFileReference; lastKnownFileType = sourcecode.swift; path = User.swift; sourceTree = "<group>"; };
		7FA7AD0A2332134F0040E241 /* Tag.swift */ = {isa = PBXFileReference; lastKnownFileType = sourcecode.swift; path = Tag.swift; sourceTree = "<group>"; };
		7FA7AD0F2332150C0040E241 /* RequestConvertible.swift */ = {isa = PBXFileReference; fileEncoding = 4; lastKnownFileType = sourcecode.swift; path = RequestConvertible.swift; sourceTree = "<group>"; };
		7FA7AD112332150C0040E241 /* QuestionEndPoint.swift */ = {isa = PBXFileReference; fileEncoding = 4; lastKnownFileType = sourcecode.swift; path = QuestionEndPoint.swift; sourceTree = "<group>"; };
		7FA7AD122332150C0040E241 /* ApiClient.swift */ = {isa = PBXFileReference; fileEncoding = 4; lastKnownFileType = sourcecode.swift; path = ApiClient.swift; sourceTree = "<group>"; };
		7FA7AD132332150C0040E241 /* RequestExecutor.swift */ = {isa = PBXFileReference; fileEncoding = 4; lastKnownFileType = sourcecode.swift; path = RequestExecutor.swift; sourceTree = "<group>"; };
		7FA7AD152332150C0040E241 /* QuestionService.swift */ = {isa = PBXFileReference; fileEncoding = 4; lastKnownFileType = sourcecode.swift; path = QuestionService.swift; sourceTree = "<group>"; };
		7FA7AD1B233216330040E241 /* Constants.swift */ = {isa = PBXFileReference; lastKnownFileType = sourcecode.swift; path = Constants.swift; sourceTree = "<group>"; };
		7FA7AD1D233218B40040E241 /* QuestionsViewController.swift */ = {isa = PBXFileReference; lastKnownFileType = sourcecode.swift; path = QuestionsViewController.swift; sourceTree = "<group>"; };
		7FA7AD1E233218B40040E241 /* QuestionsViewController.xib */ = {isa = PBXFileReference; lastKnownFileType = file.xib; path = QuestionsViewController.xib; sourceTree = "<group>"; };
		7FA7AD232332194B0040E241 /* QuestionsProtocols.swift */ = {isa = PBXFileReference; lastKnownFileType = sourcecode.swift; path = QuestionsProtocols.swift; sourceTree = "<group>"; };
		7FA7AD25233219990040E241 /* QuestionPresenter.swift */ = {isa = PBXFileReference; lastKnownFileType = sourcecode.swift; path = QuestionPresenter.swift; sourceTree = "<group>"; };
		7FA7AD2723321D990040E241 /* Items.swift */ = {isa = PBXFileReference; lastKnownFileType = sourcecode.swift; path = Items.swift; sourceTree = "<group>"; };
		7FA7AD2A2332204A0040E241 /* QuestionTableViewCell.swift */ = {isa = PBXFileReference; lastKnownFileType = sourcecode.swift; path = QuestionTableViewCell.swift; sourceTree = "<group>"; };
		7FA7AD2B2332204A0040E241 /* QuestionTableViewCell.xib */ = {isa = PBXFileReference; lastKnownFileType = file.xib; path = QuestionTableViewCell.xib; sourceTree = "<group>"; };
		925D057AB74841A4FEFDA080 /* Pods_TrueMotion.framework */ = {isa = PBXFileReference; explicitFileType = wrapper.framework; includeInIndex = 0; path = Pods_TrueMotion.framework; sourceTree = BUILT_PRODUCTS_DIR; };
		C7A23DCD96CB26F59B802987 /* Pods-TrueMotion.release.xcconfig */ = {isa = PBXFileReference; includeInIndex = 1; lastKnownFileType = text.xcconfig; name = "Pods-TrueMotion.release.xcconfig"; path = "Target Support Files/Pods-TrueMotion/Pods-TrueMotion.release.xcconfig"; sourceTree = "<group>"; };
		FFC3D2FD8302FA7EE742C3D5 /* Pods-TrueMotion.debug.xcconfig */ = {isa = PBXFileReference; includeInIndex = 1; lastKnownFileType = text.xcconfig; name = "Pods-TrueMotion.debug.xcconfig"; path = "Target Support Files/Pods-TrueMotion/Pods-TrueMotion.debug.xcconfig"; sourceTree = "<group>"; };
/* End PBXFileReference section */

/* Begin PBXFrameworksBuildPhase section */
		7F549DBD2332103D0091E9E2 /* Frameworks */ = {
			isa = PBXFrameworksBuildPhase;
			buildActionMask = 2147483647;
			files = (
				8D48763E64D9BAADB530C993 /* Pods_TrueMotion.framework in Frameworks */,
			);
			runOnlyForDeploymentPostprocessing = 0;
		};
/* End PBXFrameworksBuildPhase section */

/* Begin PBXGroup section */
		22D1137256A5759C9C86E529 /* Frameworks */ = {
			isa = PBXGroup;
			children = (
				925D057AB74841A4FEFDA080 /* Pods_TrueMotion.framework */,
			);
			name = Frameworks;
			sourceTree = "<group>";
		};
		7F549DB72332103D0091E9E2 = {
			isa = PBXGroup;
			children = (
				7F549DC22332103D0091E9E2 /* TrueMotion */,
				7F549DC12332103D0091E9E2 /* Products */,
				AED2D45D5D98FFCFCD3AA530 /* Pods */,
				22D1137256A5759C9C86E529 /* Frameworks */,
			);
			sourceTree = "<group>";
		};
		7F549DC12332103D0091E9E2 /* Products */ = {
			isa = PBXGroup;
			children = (
				7F549DC02332103D0091E9E2 /* TrueMotion.app */,
			);
			name = Products;
			sourceTree = "<group>";
		};
		7F549DC22332103D0091E9E2 /* TrueMotion */ = {
			isa = PBXGroup;
			children = (
				7FA7AD0E2332150C0040E241 /* Network */,
				7FA7AD21233219290040E241 /* Modules */,
				7FA7AD0C2332146B0040E241 /* UI */,
				7F549DD5233212BD0091E9E2 /* Model */,
				7F549DC32332103D0091E9E2 /* AppDelegate.swift */,
				7F549DC72332103D0091E9E2 /* Main.storyboard */,
				7F549DCA2332103E0091E9E2 /* Assets.xcassets */,
				7F549DCC2332103E0091E9E2 /* LaunchScreen.storyboard */,
				7F549DCF2332103E0091E9E2 /* Info.plist */,
				7FA7AD1B233216330040E241 /* Constants.swift */,
			);
			path = TrueMotion;
			sourceTree = "<group>";
		};
		7F549DD5233212BD0091E9E2 /* Model */ = {
			isa = PBXGroup;
			children = (
				7FA7AD06233212FE0040E241 /* Question.swift */,
				7FA7AD08233213460040E241 /* User.swift */,
				7FA7AD0A2332134F0040E241 /* Tag.swift */,
				7FA7AD2723321D990040E241 /* Items.swift */,
			);
			path = Model;
			sourceTree = "<group>";
		};
		7FA7AD0C2332146B0040E241 /* UI */ = {
			isa = PBXGroup;
			children = (
				7FA7AD0D233214700040E241 /* Questions */,
			);
			path = UI;
			sourceTree = "<group>";
		};
		7FA7AD0D233214700040E241 /* Questions */ = {
			isa = PBXGroup;
			children = (
				7FA7AD29233220210040E241 /* Cell */,
				7FA7AD1D233218B40040E241 /* QuestionsViewController.swift */,
				7FA7AD1E233218B40040E241 /* QuestionsViewController.xib */,
			);
			path = Questions;
			sourceTree = "<group>";
		};
		7FA7AD0E2332150C0040E241 /* Network */ = {
			isa = PBXGroup;
			children = (
				7FA7AD0F2332150C0040E241 /* RequestConvertible.swift */,
				7FA7AD102332150C0040E241 /* EndPoints */,
				7FA7AD122332150C0040E241 /* ApiClient.swift */,
				7FA7AD132332150C0040E241 /* RequestExecutor.swift */,
				7FA7AD142332150C0040E241 /* Services */,
			);
			path = Network;
			sourceTree = "<group>";
		};
		7FA7AD102332150C0040E241 /* EndPoints */ = {
			isa = PBXGroup;
			children = (
				7FA7AD112332150C0040E241 /* QuestionEndPoint.swift */,
			);
			path = EndPoints;
			sourceTree = "<group>";
		};
		7FA7AD142332150C0040E241 /* Services */ = {
			isa = PBXGroup;
			children = (
				7FA7AD152332150C0040E241 /* QuestionService.swift */,
			);
			path = Services;
			sourceTree = "<group>";
		};
		7FA7AD21233219290040E241 /* Modules */ = {
			isa = PBXGroup;
			children = (
				7FA7AD22233219350040E241 /* Questions */,
			);
			path = Modules;
			sourceTree = "<group>";
		};
		7FA7AD22233219350040E241 /* Questions */ = {
			isa = PBXGroup;
			children = (
				7FA7AD232332194B0040E241 /* QuestionsProtocols.swift */,
				7FA7AD25233219990040E241 /* QuestionPresenter.swift */,
			);
			path = Questions;
			sourceTree = "<group>";
		};
		7FA7AD29233220210040E241 /* Cell */ = {
			isa = PBXGroup;
			children = (
				7FA7AD2A2332204A0040E241 /* QuestionTableViewCell.swift */,
				7FA7AD2B2332204A0040E241 /* QuestionTableViewCell.xib */,
			);
			path = Cell;
			sourceTree = "<group>";
		};
		AED2D45D5D98FFCFCD3AA530 /* Pods */ = {
			isa = PBXGroup;
			children = (
				FFC3D2FD8302FA7EE742C3D5 /* Pods-TrueMotion.debug.xcconfig */,
				C7A23DCD96CB26F59B802987 /* Pods-TrueMotion.release.xcconfig */,
			);
			path = Pods;
			sourceTree = "<group>";
		};
/* End PBXGroup section */

/* Begin PBXNativeTarget section */
		7F549DBF2332103D0091E9E2 /* TrueMotion */ = {
			isa = PBXNativeTarget;
			buildConfigurationList = 7F549DD22332103E0091E9E2 /* Build configuration list for PBXNativeTarget "TrueMotion" */;
			buildPhases = (
				5BB32B103323A1862FE95AFE /* [CP] Check Pods Manifest.lock */,
				7F549DBC2332103D0091E9E2 /* Sources */,
				7F549DBD2332103D0091E9E2 /* Frameworks */,
				7F549DBE2332103D0091E9E2 /* Resources */,
				6FAD5E4A9469DF87EB688719 /* [CP] Embed Pods Frameworks */,
			);
			buildRules = (
			);
			dependencies = (
			);
			name = TrueMotion;
			productName = TrueMotion;
			productReference = 7F549DC02332103D0091E9E2 /* TrueMotion.app */;
			productType = "com.apple.product-type.application";
		};
/* End PBXNativeTarget section */

/* Begin PBXProject section */
		7F549DB82332103D0091E9E2 /* Project object */ = {
			isa = PBXProject;
			attributes = {
				LastSwiftUpdateCheck = 1030;
				LastUpgradeCheck = 1030;
				ORGANIZATIONNAME = true;
				TargetAttributes = {
					7F549DBF2332103D0091E9E2 = {
						CreatedOnToolsVersion = 10.3;
					};
				};
			};
			buildConfigurationList = 7F549DBB2332103D0091E9E2 /* Build configuration list for PBXProject "TrueMotion" */;
			compatibilityVersion = "Xcode 9.3";
			developmentRegion = en;
			hasScannedForEncodings = 0;
			knownRegions = (
				en,
				Base,
			);
			mainGroup = 7F549DB72332103D0091E9E2;
			productRefGroup = 7F549DC12332103D0091E9E2 /* Products */;
			projectDirPath = "";
			projectRoot = "";
			targets = (
				7F549DBF2332103D0091E9E2 /* TrueMotion */,
			);
		};
/* End PBXProject section */

/* Begin PBXResourcesBuildPhase section */
		7F549DBE2332103D0091E9E2 /* Resources */ = {
			isa = PBXResourcesBuildPhase;
			buildActionMask = 2147483647;
			files = (
				7F549DCE2332103E0091E9E2 /* LaunchScreen.storyboard in Resources */,
				7F549DCB2332103E0091E9E2 /* Assets.xcassets in Resources */,
				7FA7AD20233218B40040E241 /* QuestionsViewController.xib in Resources */,
				7FA7AD2D2332204A0040E241 /* QuestionTableViewCell.xib in Resources */,
				7F549DC92332103D0091E9E2 /* Main.storyboard in Resources */,
			);
			runOnlyForDeploymentPostprocessing = 0;
		};
/* End PBXResourcesBuildPhase section */

/* Begin PBXShellScriptBuildPhase section */
		5BB32B103323A1862FE95AFE /* [CP] Check Pods Manifest.lock */ = {
			isa = PBXShellScriptBuildPhase;
			buildActionMask = 2147483647;
			files = (
			);
			inputFileListPaths = (
			);
			inputPaths = (
				"${PODS_PODFILE_DIR_PATH}/Podfile.lock",
				"${PODS_ROOT}/Manifest.lock",
			);
			name = "[CP] Check Pods Manifest.lock";
			outputFileListPaths = (
			);
			outputPaths = (
				"$(DERIVED_FILE_DIR)/Pods-TrueMotion-checkManifestLockResult.txt",
			);
			runOnlyForDeploymentPostprocessing = 0;
			shellPath = /bin/sh;
			shellScript = "diff \"${PODS_PODFILE_DIR_PATH}/Podfile.lock\" \"${PODS_ROOT}/Manifest.lock\" > /dev/null\nif [ $? != 0 ] ; then\n    # print error to STDERR\n    echo \"error: The sandbox is not in sync with the Podfile.lock. Run 'pod install' or update your CocoaPods installation.\" >&2\n    exit 1\nfi\n# This output is used by Xcode 'outputs' to avoid re-running this script phase.\necho \"SUCCESS\" > \"${SCRIPT_OUTPUT_FILE_0}\"\n";
			showEnvVarsInLog = 0;
		};
		6FAD5E4A9469DF87EB688719 /* [CP] Embed Pods Frameworks */ = {
			isa = PBXShellScriptBuildPhase;
			buildActionMask = 2147483647;
			files = (
			);
			inputFileListPaths = (
				"${PODS_ROOT}/Target Support Files/Pods-TrueMotion/Pods-TrueMotion-frameworks-${CONFIGURATION}-input-files.xcfilelist",
			);
			name = "[CP] Embed Pods Frameworks";
			outputFileListPaths = (
				"${PODS_ROOT}/Target Support Files/Pods-TrueMotion/Pods-TrueMotion-frameworks-${CONFIGURATION}-output-files.xcfilelist",
			);
			runOnlyForDeploymentPostprocessing = 0;
			shellPath = /bin/sh;
			shellScript = "\"${PODS_ROOT}/Target Support Files/Pods-TrueMotion/Pods-TrueMotion-frameworks.sh\"\n";
			showEnvVarsInLog = 0;
		};
/* End PBXShellScriptBuildPhase section */

/* Begin PBXSourcesBuildPhase section */
		7F549DBC2332103D0091E9E2 /* Sources */ = {
			isa = PBXSourcesBuildPhase;
			buildActionMask = 2147483647;
			files = (
				7FA7AD192332150C0040E241 /* RequestExecutor.swift in Sources */,
				7FA7AD1C233216330040E241 /* Constants.swift in Sources */,
				7FA7AD1F233218B40040E241 /* QuestionsViewController.swift in Sources */,
				7FA7AD09233213460040E241 /* User.swift in Sources */,
				7FA7AD2823321D990040E241 /* Items.swift in Sources */,
				7FA7AD172332150C0040E241 /* QuestionEndPoint.swift in Sources */,
				7FA7AD2C2332204A0040E241 /* QuestionTableViewCell.swift in Sources */,
				7FA7AD162332150C0040E241 /* RequestConvertible.swift in Sources */,
				7FA7AD242332194B0040E241 /* QuestionsProtocols.swift in Sources */,
				7FA7AD182332150C0040E241 /* ApiClient.swift in Sources */,
				7FA7AD26233219990040E241 /* QuestionPresenter.swift in Sources */,
				7FA7AD1A2332150C0040E241 /* QuestionService.swift in Sources */,
				7FA7AD07233212FE0040E241 /* Question.swift in Sources */,
				7FA7AD0B2332134F0040E241 /* Tag.swift in Sources */,
				7F549DC42332103D0091E9E2 /* AppDelegate.swift in Sources */,
			);
			runOnlyForDeploymentPostprocessing = 0;
		};
/* End PBXSourcesBuildPhase section */

/* Begin PBXVariantGroup section */
		7F549DC72332103D0091E9E2 /* Main.storyboard */ = {
			isa = PBXVariantGroup;
			children = (
				7F549DC82332103D0091E9E2 /* Base */,
			);
			name = Main.storyboard;
			sourceTree = "<group>";
		};
		7F549DCC2332103E0091E9E2 /* LaunchScreen.storyboard */ = {
			isa = PBXVariantGroup;
			children = (
				7F549DCD2332103E0091E9E2 /* Base */,
			);
			name = LaunchScreen.storyboard;
			sourceTree = "<group>";
		};
/* End PBXVariantGroup section */

/* Begin XCBuildConfiguration section */
		7F549DD02332103E0091E9E2 /* Debug */ = {
			isa = XCBuildConfiguration;
			buildSettings = {
				ALWAYS_SEARCH_USER_PATHS = NO;
				CLANG_ANALYZER_NONNULL = YES;
				CLANG_ANALYZER_NUMBER_OBJECT_CONVERSION = YES_AGGRESSIVE;
				CLANG_CXX_LANGUAGE_STANDARD = "gnu++14";
				CLANG_CXX_LIBRARY = "libc++";
				CLANG_ENABLE_MODULES = YES;
				CLANG_ENABLE_OBJC_ARC = YES;
				CLANG_ENABLE_OBJC_WEAK = YES;
				CLANG_WARN_BLOCK_CAPTURE_AUTORELEASING = YES;
				CLANG_WARN_BOOL_CONVERSION = YES;
				CLANG_WARN_COMMA = YES;
				CLANG_WARN_CONSTANT_CONVERSION = YES;
				CLANG_WARN_DEPRECATED_OBJC_IMPLEMENTATIONS = YES;
				CLANG_WARN_DIRECT_OBJC_ISA_USAGE = YES_ERROR;
				CLANG_WARN_DOCUMENTATION_COMMENTS = YES;
				CLANG_WARN_EMPTY_BODY = YES;
				CLANG_WARN_ENUM_CONVERSION = YES;
				CLANG_WARN_INFINITE_RECURSION = YES;
				CLANG_WARN_INT_CONVERSION = YES;
				CLANG_WARN_NON_LITERAL_NULL_CONVERSION = YES;
				CLANG_WARN_OBJC_IMPLICIT_RETAIN_SELF = YES;
				CLANG_WARN_OBJC_LITERAL_CONVERSION = YES;
				CLANG_WARN_OBJC_ROOT_CLASS = YES_ERROR;
				CLANG_WARN_RANGE_LOOP_ANALYSIS = YES;
				CLANG_WARN_STRICT_PROTOTYPES = YES;
				CLANG_WARN_SUSPICIOUS_MOVE = YES;
				CLANG_WARN_UNGUARDED_AVAILABILITY = YES_AGGRESSIVE;
				CLANG_WARN_UNREACHABLE_CODE = YES;
				CLANG_WARN__DUPLICATE_METHOD_MATCH = YES;
				CODE_SIGN_IDENTITY = "iPhone Developer";
				COPY_PHASE_STRIP = NO;
				DEBUG_INFORMATION_FORMAT = dwarf;
				ENABLE_STRICT_OBJC_MSGSEND = YES;
				ENABLE_TESTABILITY = YES;
				GCC_C_LANGUAGE_STANDARD = gnu11;
				GCC_DYNAMIC_NO_PIC = NO;
				GCC_NO_COMMON_BLOCKS = YES;
				GCC_OPTIMIZATION_LEVEL = 0;
				GCC_PREPROCESSOR_DEFINITIONS = (
					"DEBUG=1",
					"$(inherited)",
				);
				GCC_WARN_64_TO_32_BIT_CONVERSION = YES;
				GCC_WARN_ABOUT_RETURN_TYPE = YES_ERROR;
				GCC_WARN_UNDECLARED_SELECTOR = YES;
				GCC_WARN_UNINITIALIZED_AUTOS = YES_AGGRESSIVE;
				GCC_WARN_UNUSED_FUNCTION = YES;
				GCC_WARN_UNUSED_VARIABLE = YES;
				IPHONEOS_DEPLOYMENT_TARGET = 12.4;
				MTL_ENABLE_DEBUG_INFO = INCLUDE_SOURCE;
				MTL_FAST_MATH = YES;
				ONLY_ACTIVE_ARCH = YES;
				SDKROOT = iphoneos;
				SWIFT_ACTIVE_COMPILATION_CONDITIONS = DEBUG;
				SWIFT_OPTIMIZATION_LEVEL = "-Onone";
			};
			name = Debug;
		};
		7F549DD12332103E0091E9E2 /* Release */ = {
			isa = XCBuildConfiguration;
			buildSettings = {
				ALWAYS_SEARCH_USER_PATHS = NO;
				CLANG_ANALYZER_NONNULL = YES;
				CLANG_ANALYZER_NUMBER_OBJECT_CONVERSION = YES_AGGRESSIVE;
				CLANG_CXX_LANGUAGE_STANDARD = "gnu++14";
				CLANG_CXX_LIBRARY = "libc++";
				CLANG_ENABLE_MODULES = YES;
				CLANG_ENABLE_OBJC_ARC = YES;
				CLANG_ENABLE_OBJC_WEAK = YES;
				CLANG_WARN_BLOCK_CAPTURE_AUTORELEASING = YES;
				CLANG_WARN_BOOL_CONVERSION = YES;
				CLANG_WARN_COMMA = YES;
				CLANG_WARN_CONSTANT_CONVERSION = YES;
				CLANG_WARN_DEPRECATED_OBJC_IMPLEMENTATIONS = YES;
				CLANG_WARN_DIRECT_OBJC_ISA_USAGE = YES_ERROR;
				CLANG_WARN_DOCUMENTATION_COMMENTS = YES;
				CLANG_WARN_EMPTY_BODY = YES;
				CLANG_WARN_ENUM_CONVERSION = YES;
				CLANG_WARN_INFINITE_RECURSION = YES;
				CLANG_WARN_INT_CONVERSION = YES;
				CLANG_WARN_NON_LITERAL_NULL_CONVERSION = YES;
				CLANG_WARN_OBJC_IMPLICIT_RETAIN_SELF = YES;
				CLANG_WARN_OBJC_LITERAL_CONVERSION = YES;
				CLANG_WARN_OBJC_ROOT_CLASS = YES_ERROR;
				CLANG_WARN_RANGE_LOOP_ANALYSIS = YES;
				CLANG_WARN_STRICT_PROTOTYPES = YES;
				CLANG_WARN_SUSPICIOUS_MOVE = YES;
				CLANG_WARN_UNGUARDED_AVAILABILITY = YES_AGGRESSIVE;
				CLANG_WARN_UNREACHABLE_CODE = YES;
				CLANG_WARN__DUPLICATE_METHOD_MATCH = YES;
				CODE_SIGN_IDENTITY = "iPhone Developer";
				COPY_PHASE_STRIP = NO;
				DEBUG_INFORMATION_FORMAT = "dwarf-with-dsym";
				ENABLE_NS_ASSERTIONS = NO;
				ENABLE_STRICT_OBJC_MSGSEND = YES;
				GCC_C_LANGUAGE_STANDARD = gnu11;
				GCC_NO_COMMON_BLOCKS = YES;
				GCC_WARN_64_TO_32_BIT_CONVERSION = YES;
				GCC_WARN_ABOUT_RETURN_TYPE = YES_ERROR;
				GCC_WARN_UNDECLARED_SELECTOR = YES;
				GCC_WARN_UNINITIALIZED_AUTOS = YES_AGGRESSIVE;
				GCC_WARN_UNUSED_FUNCTION = YES;
				GCC_WARN_UNUSED_VARIABLE = YES;
				IPHONEOS_DEPLOYMENT_TARGET = 12.4;
				MTL_ENABLE_DEBUG_INFO = NO;
				MTL_FAST_MATH = YES;
				SDKROOT = iphoneos;
				SWIFT_COMPILATION_MODE = wholemodule;
				SWIFT_OPTIMIZATION_LEVEL = "-O";
				VALIDATE_PRODUCT = YES;
			};
			name = Release;
		};
		7F549DD32332103E0091E9E2 /* Debug */ = {
			isa = XCBuildConfiguration;
			baseConfigurationReference = FFC3D2FD8302FA7EE742C3D5 /* Pods-TrueMotion.debug.xcconfig */;
			buildSettings = {
				ASSETCATALOG_COMPILER_APPICON_NAME = AppIcon;
				CODE_SIGN_STYLE = Automatic;
				DEVELOPMENT_TEAM = C6VDVGPA2E;
				INFOPLIST_FILE = TrueMotion/Info.plist;
				LD_RUNPATH_SEARCH_PATHS = (
					"$(inherited)",
					"@executable_path/Frameworks",
				);
				PRODUCT_BUNDLE_IDENTIFIER = hu.adam.gergely.TrueMotion;
				PRODUCT_NAME = "$(TARGET_NAME)";
				SWIFT_VERSION = 5.0;
				TARGETED_DEVICE_FAMILY = "1,2";
			};
			name = Debug;
		};
		7F549DD42332103E0091E9E2 /* Release */ = {
			isa = XCBuildConfiguration;
			baseConfigurationReference = C7A23DCD96CB26F59B802987 /* Pods-TrueMotion.release.xcconfig */;
			buildSettings = {
				ASSETCATALOG_COMPILER_APPICON_NAME = AppIcon;
				CODE_SIGN_STYLE = Automatic;
				DEVELOPMENT_TEAM = C6VDVGPA2E;
				INFOPLIST_FILE = TrueMotion/Info.plist;
				LD_RUNPATH_SEARCH_PATHS = (
					"$(inherited)",
					"@executable_path/Frameworks",
				);
				PRODUCT_BUNDLE_IDENTIFIER = hu.adam.gergely.TrueMotion;
				PRODUCT_NAME = "$(TARGET_NAME)";
				SWIFT_VERSION = 5.0;
				TARGETED_DEVICE_FAMILY = "1,2";
			};
			name = Release;
		};
/* End XCBuildConfiguration section */

/* Begin XCConfigurationList section */
		7F549DBB2332103D0091E9E2 /* Build configuration list for PBXProject "TrueMotion" */ = {
			isa = XCConfigurationList;
			buildConfigurations = (
				7F549DD02332103E0091E9E2 /* Debug */,
				7F549DD12332103E0091E9E2 /* Release */,
			);
			defaultConfigurationIsVisible = 0;
			defaultConfigurationName = Release;
		};
		7F549DD22332103E0091E9E2 /* Build configuration list for PBXNativeTarget "TrueMotion" */ = {
			isa = XCConfigurationList;
			buildConfigurations = (
				7F549DD32332103E0091E9E2 /* Debug */,
				7F549DD42332103E0091E9E2 /* Release */,
			);
			defaultConfigurationIsVisible = 0;
			defaultConfigurationName = Release;
		};
/* End XCConfigurationList section */
	};
	rootObject = 7F549DB82332103D0091E9E2 /* Project object */;
}
